<?xml version="1.0" encoding="utf-8"?>
<Project ToolsVersion="4.0" xmlns="http://schemas.microsoft.com/developer/msbuild/2003">
  <ItemGroup>
    <Filter Include="Source Files">
      <UniqueIdentifier>{6d3ffbed-341d-4169-9099-68f67e7322d3}</UniqueIdentifier>
      <Extensions>cpp;c;cxx;rc;def;r;odl;idl;hpj;bat</Extensions>
    </Filter>
    <Filter Include="Header Files">
      <UniqueIdentifier>{1a7b7920-f36c-40c7-a648-c6fe8cc118be}</UniqueIdentifier>
      <Extensions>h;hpp;hxx;hm;inl</Extensions>
    </Filter>
  </ItemGroup>
  <ItemGroup>
    <ClCompile Include="ActionWord.cpp">
      <Filter>Source Files</Filter>
    </ClCompile>
    <ClCompile Include="Library.cpp">
      <Filter>Source Files</Filter>
    </ClCompile>
    <ClCompile Include="NavigationLibrary.cpp">
      <Filter>Source Files</Filter>
    </ClCompile>
  </ItemGroup>
  <ItemGroup>
    <ClInclude Include="ActionWord.h">
      <Filter>Header Files</Filter>
    </ClInclude>
    <ClInclude Include="..\..\coengine\Coengine.h">
      <Filter>Header Files</Filter>
    </ClInclude>
    <ClInclude Include="Napi.h">
      <Filter>Header Files</Filter>
    </ClInclude>
    <ClInclude Include="NavigationLibrary.h">
      <Filter>Header Files</Filter>
    </ClInclude>
  </ItemGroup>
</Project>