<?xml version="1.0" encoding="utf-8"?>
<Project ToolsVersion="4.0" xmlns="http://schemas.microsoft.com/developer/msbuild/2003">
  <ItemGroup>
    <Filter Include="Source Files">
      <UniqueIdentifier>{79e858e6-fbaa-4f81-8725-103885e18c15}</UniqueIdentifier>
      <Extensions>cpp;c;cxx;rc;def;r;odl;idl;hpj;bat</Extensions>
    </Filter>
    <Filter Include="Header Files">
      <UniqueIdentifier>{e8e5316d-ddae-44dd-a19f-03ab24b8da10}</UniqueIdentifier>
      <Extensions>h;hpp;hxx;hm;inl</Extensions>
    </Filter>
    <Filter Include="Resource Files">
      <UniqueIdentifier>{21a91fad-ec0e-4cfb-ba70-12ade737915c}</UniqueIdentifier>
      <Extensions>ico;cur;bmp;dlg;rc2;rct;bin;rgs;gif;jpg;jpeg;jpe</Extensions>
    </Filter>
  </ItemGroup>
  <ItemGroup>
    <ClCompile Include="BabelFish.cpp">
      <Filter>Source Files</Filter>
    </ClCompile>
    <ClCompile Include="CDialogThread.cpp">
      <Filter>Source Files</Filter>
    </ClCompile>
    <ClCompile Include="CMessageCentre.cpp">
      <Filter>Source Files</Filter>
    </ClCompile>
    <ClCompile Include="Enggui.cpp">
      <Filter>Source Files</Filter>
    </ClCompile>
    <ClCompile Include="LocalMessageCentre.cpp">
      <Filter>Source Files</Filter>
    </ClCompile>
    <ClCompile Include="MessageCentreList.cpp">
      <Filter>Source Files</Filter>
    </ClCompile>
  </ItemGroup>
  <ItemGroup>
    <ResourceCompile Include="Enggui.rc">
      <Filter>Source Files</Filter>
    </ResourceCompile>
  </ItemGroup>
  <ItemGroup>
    <ClInclude Include="BabelFish.h">
      <Filter>Header Files</Filter>
    </ClInclude>
    <ClInclude Include="CDialogThread.h">
      <Filter>Header Files</Filter>
    </ClInclude>
    <ClInclude Include="CMessageCentre.h">
      <Filter>Header Files</Filter>
    </ClInclude>
    <ClInclude Include="Dialog.h">
      <Filter>Header Files</Filter>
    </ClInclude>
    <ClInclude Include="Enggui.h">
      <Filter>Header Files</Filter>
    </ClInclude>
    <ClInclude Include="EngGuiApi.h">
      <Filter>Header Files</Filter>
    </ClInclude>
    <ClInclude Include="LocalMessageCentre.h">
      <Filter>Header Files</Filter>
    </ClInclude>
    <ClInclude Include="MessageCentre.h">
      <Filter>Header Files</Filter>
    </ClInclude>
    <ClInclude Include="MessageCentreList.h">
      <Filter>Header Files</Filter>
    </ClInclude>
    <ClInclude Include="Resource.h">
      <Filter>Header Files</Filter>
    </ClInclude>
    <ClInclude Include="c:\Program Files (x86)\Microsoft Visual Studio 11.0\VC\atlmfc\include\afxdlgs.h">
      <Filter>Header Files</Filter>
    </ClInclude>
  </ItemGroup>
  <ItemGroup>
    <Image Include="LogicaCMG (100x25).bmp">
      <Filter>Resource Files</Filter>
    </Image>
    <Image Include="MessageCentre.ico">
      <Filter>Resource Files</Filter>
    </Image>
    <Image Include="TestFrame Engine.bmp">
      <Filter>Resource Files</Filter>
    </Image>
    <Image Include="TF logo (geel 50x50).bmp">
      <Filter>Resource Files</Filter>
    </Image>
    <Image Include="TF logo (geel 60x60).bmp">
      <Filter>Resource Files</Filter>
    </Image>
  </ItemGroup>
  <ItemGroup>
    <CustomBuild Include="Enggui.def">
      <Filter>Source Files</Filter>
    </CustomBuild>
  </ItemGroup>
</Project>